// !$*UTF8*$!
{
	archiveVersion = 1;
	classes = {
	};
	objectVersion = 46;
	objects = {

/* Begin PBXBuildFile section */
		F1D444DE1D134C82000239F7 /* main.m in Sources */ = {isa = PBXBuildFile; fileRef = F1D444DD1D134C82000239F7 /* main.m */; };
		F1D444E11D134C82000239F7 /* AppDelegate.m in Sources */ = {isa = PBXBuildFile; fileRef = F1D444E01D134C82000239F7 /* AppDelegate.m */; };
		F1D444E41D134C82000239F7 /* ViewController.m in Sources */ = {isa = PBXBuildFile; fileRef = F1D444E31D134C82000239F7 /* ViewController.m */; };
		F1D444E71D134C82000239F7 /* Main.storyboard in Resources */ = {isa = PBXBuildFile; fileRef = F1D444E51D134C82000239F7 /* Main.storyboard */; };
		F1D444E91D134C82000239F7 /* Assets.xcassets in Resources */ = {isa = PBXBuildFile; fileRef = F1D444E81D134C82000239F7 /* Assets.xcassets */; };
		F1D444EC1D134C82000239F7 /* LaunchScreen.storyboard in Resources */ = {isa = PBXBuildFile; fileRef = F1D444EA1D134C82000239F7 /* LaunchScreen.storyboard */; };
		F1D444F51D143E2D000239F7 /* ResultTableViewController.m in Sources */ = {isa = PBXBuildFile; fileRef = F1D444F41D143E2D000239F7 /* ResultTableViewController.m */; };
		F1D444F81D144709000239F7 /* EachResult.m in Sources */ = {isa = PBXBuildFile; fileRef = F1D444F71D144709000239F7 /* EachResult.m */; };
		F1D444FA1D147D0A000239F7 /* MapKit.framework in Frameworks */ = {isa = PBXBuildFile; fileRef = F1D444F91D147D09000239F7 /* MapKit.framework */; };
		F1D444FD1D147D7E000239F7 /* MapViewController.m in Sources */ = {isa = PBXBuildFile; fileRef = F1D444FC1D147D7E000239F7 /* MapViewController.m */; };
/* End PBXBuildFile section */

/* Begin PBXFileReference section */
		F1D444D91D134C81000239F7 /* WhereIsMyStuffApp.app */ = {isa = PBXFileReference; explicitFileType = wrapper.application; includeInIndex = 0; path = WhereIsMyStuffApp.app; sourceTree = BUILT_PRODUCTS_DIR; };
		F1D444DD1D134C82000239F7 /* main.m */ = {isa = PBXFileReference; lastKnownFileType = sourcecode.c.objc; path = main.m; sourceTree = "<group>"; };
		F1D444DF1D134C82000239F7 /* AppDelegate.h */ = {isa = PBXFileReference; lastKnownFileType = sourcecode.c.h; path = AppDelegate.h; sourceTree = "<group>"; };
		F1D444E01D134C82000239F7 /* AppDelegate.m */ = {isa = PBXFileReference; lastKnownFileType = sourcecode.c.objc; path = AppDelegate.m; sourceTree = "<group>"; };
		F1D444E21D134C82000239F7 /* ViewController.h */ = {isa = PBXFileReference; lastKnownFileType = sourcecode.c.h; path = ViewController.h; sourceTree = "<group>"; };
		F1D444E31D134C82000239F7 /* ViewController.m */ = {isa = PBXFileReference; lastKnownFileType = sourcecode.c.objc; path = ViewController.m; sourceTree = "<group>"; };
		F1D444E61D134C82000239F7 /* Base */ = {isa = PBXFileReference; lastKnownFileType = file.storyboard; name = Base; path = Base.lproj/Main.storyboard; sourceTree = "<group>"; };
		F1D444E81D134C82000239F7 /* Assets.xcassets */ = {isa = PBXFileReference; lastKnownFileType = folder.assetcatalog; path = Assets.xcassets; sourceTree = "<group>"; };
		F1D444EB1D134C82000239F7 /* Base */ = {isa = PBXFileReference; lastKnownFileType = file.storyboard; name = Base; path = Base.lproj/LaunchScreen.storyboard; sourceTree = "<group>"; };
		F1D444ED1D134C82000239F7 /* Info.plist */ = {isa = PBXFileReference; lastKnownFileType = text.plist.xml; path = Info.plist; sourceTree = "<group>"; };
		F1D444F31D143E2D000239F7 /* ResultTableViewController.h */ = {isa = PBXFileReference; fileEncoding = 4; lastKnownFileType = sourcecode.c.h; path = ResultTableViewController.h; sourceTree = "<group>"; };
		F1D444F41D143E2D000239F7 /* ResultTableViewController.m */ = {isa = PBXFileReference; fileEncoding = 4; lastKnownFileType = sourcecode.c.objc; path = ResultTableViewController.m; sourceTree = "<group>"; };
		F1D444F61D144709000239F7 /* EachResult.h */ = {isa = PBXFileReference; fileEncoding = 4; lastKnownFileType = sourcecode.c.h; path = EachResult.h; sourceTree = "<group>"; };
		F1D444F71D144709000239F7 /* EachResult.m */ = {isa = PBXFileReference; fileEncoding = 4; lastKnownFileType = sourcecode.c.objc; path = EachResult.m; sourceTree = "<group>"; };
		F1D444F91D147D09000239F7 /* MapKit.framework */ = {isa = PBXFileReference; lastKnownFileType = wrapper.framework; name = MapKit.framework; path = System/Library/Frameworks/MapKit.framework; sourceTree = SDKROOT; };
		F1D444FB1D147D7E000239F7 /* MapViewController.h */ = {isa = PBXFileReference; fileEncoding = 4; lastKnownFileType = sourcecode.c.h; path = MapViewController.h; sourceTree = "<group>"; };
		F1D444FC1D147D7E000239F7 /* MapViewController.m */ = {isa = PBXFileReference; fileEncoding = 4; lastKnownFileType = sourcecode.c.objc; path = MapViewController.m; sourceTree = "<group>"; };
/* End PBXFileReference section */

/* Begin PBXFrameworksBuildPhase section */
		F1D444D61D134C81000239F7 /* Frameworks */ = {
			isa = PBXFrameworksBuildPhase;
			buildActionMask = 2147483647;
			files = (
				F1D444FA1D147D0A000239F7 /* MapKit.framework in Frameworks */,
			);
			runOnlyForDeploymentPostprocessing = 0;
		};
/* End PBXFrameworksBuildPhase section */

/* Begin PBXGroup section */
		F1D444D01D134C81000239F7 = {
			isa = PBXGroup;
			children = (
				F1D444F91D147D09000239F7 /* MapKit.framework */,
				F1D444DB1D134C82000239F7 /* WhereIsMyStuffApp */,
				F1D444DA1D134C81000239F7 /* Products */,
			);
			sourceTree = "<group>";
		};
		F1D444DA1D134C81000239F7 /* Products */ = {
			isa = PBXGroup;
			children = (
				F1D444D91D134C81000239F7 /* WhereIsMyStuffApp.app */,
			);
			name = Products;
			sourceTree = "<group>";
		};
		F1D444DB1D134C82000239F7 /* WhereIsMyStuffApp */ = {
			isa = PBXGroup;
			children = (
				F1D444DF1D134C82000239F7 /* AppDelegate.h */,
				F1D444E01D134C82000239F7 /* AppDelegate.m */,
				F1D444E51D134C82000239F7 /* Main.storyboard */,
				F1D444E81D134C82000239F7 /* Assets.xcassets */,
				F1D444EA1D134C82000239F7 /* LaunchScreen.storyboard */,
				F1D444ED1D134C82000239F7 /* Info.plist */,
				F1D444DC1D134C82000239F7 /* Supporting Files */,
				F1D444F31D143E2D000239F7 /* ResultTableViewController.h */,
				F1D444F41D143E2D000239F7 /* ResultTableViewController.m */,
				F1D444E21D134C82000239F7 /* ViewController.h */,
				F1D444E31D134C82000239F7 /* ViewController.m */,
				F1D444F61D144709000239F7 /* EachResult.h */,
				F1D444F71D144709000239F7 /* EachResult.m */,
				F1D444FB1D147D7E000239F7 /* MapViewController.h */,
				F1D444FC1D147D7E000239F7 /* MapViewController.m */,
			);
			path = WhereIsMyStuffApp;
			sourceTree = "<group>";
		};
		F1D444DC1D134C82000239F7 /* Supporting Files */ = {
			isa = PBXGroup;
			children = (
				F1D444DD1D134C82000239F7 /* main.m */,
			);
			name = "Supporting Files";
			sourceTree = "<group>";
		};
/* End PBXGroup section */

/* Begin PBXNativeTarget section */
		F1D444D81D134C81000239F7 /* WhereIsMyStuffApp */ = {
			isa = PBXNativeTarget;
			buildConfigurationList = F1D444F01D134C82000239F7 /* Build configuration list for PBXNativeTarget "WhereIsMyStuffApp" */;
			buildPhases = (
				F1D444D51D134C81000239F7 /* Sources */,
				F1D444D61D134C81000239F7 /* Frameworks */,
				F1D444D71D134C81000239F7 /* Resources */,
			);
			buildRules = (
			);
			dependencies = (
			);
			name = WhereIsMyStuffApp;
			productName = WhereIsMyStuffApp;
			productReference = F1D444D91D134C81000239F7 /* WhereIsMyStuffApp.app */;
			productType = "com.apple.product-type.application";
		};
/* End PBXNativeTarget section */

/* Begin PBXProject section */
		F1D444D11D134C81000239F7 /* Project object */ = {
			isa = PBXProject;
			attributes = {
				LastUpgradeCheck = 0730;
				ORGANIZATIONNAME = "Aashima Singh";
				TargetAttributes = {
					F1D444D81D134C81000239F7 = {
						CreatedOnToolsVersion = 7.3.1;
						SystemCapabilities = {
							com.apple.Maps.iOS = {
								enabled = 1;
							};
						};
					};
				};
			};
			buildConfigurationList = F1D444D41D134C81000239F7 /* Build configuration list for PBXProject "WhereIsMyStuffApp" */;
			compatibilityVersion = "Xcode 3.2";
			developmentRegion = English;
			hasScannedForEncodings = 0;
			knownRegions = (
				en,
				Base,
			);
			mainGroup = F1D444D01D134C81000239F7;
			productRefGroup = F1D444DA1D134C81000239F7 /* Products */;
			projectDirPath = "";
			projectRoot = "";
			targets = (
				F1D444D81D134C81000239F7 /* WhereIsMyStuffApp */,
			);
		};
/* End PBXProject section */

/* Begin PBXResourcesBuildPhase section */
		F1D444D71D134C81000239F7 /* Resources */ = {
			isa = PBXResourcesBuildPhase;
			buildActionMask = 2147483647;
			files = (
				F1D444EC1D134C82000239F7 /* LaunchScreen.storyboard in Resources */,
				F1D444E91D134C82000239F7 /* Assets.xcassets in Resources */,
				F1D444E71D134C82000239F7 /* Main.storyboard in Resources */,
			);
			runOnlyForDeploymentPostprocessing = 0;
		};
/* End PBXResourcesBuildPhase section */

/* Begin PBXSourcesBuildPhase section */
		F1D444D51D134C81000239F7 /* Sources */ = {
			isa = PBXSourcesBuildPhase;
			buildActionMask = 2147483647;
			files = (
				F1D444F51D143E2D000239F7 /* ResultTableViewController.m in Sources */,
				F1D444E41D134C82000239F7 /* ViewController.m in Sources */,
				F1D444F81D144709000239F7 /* EachResult.m in Sources */,
				F1D444FD1D147D7E000239F7 /* MapViewController.m in Sources */,
				F1D444E11D134C82000239F7 /* AppDelegate.m in Sources */,
				F1D444DE1D134C82000239F7 /* main.m in Sources */,
			);
			runOnlyForDeploymentPostprocessing = 0;
		};
/* End PBXSourcesBuildPhase section */

/* Begin PBXVariantGroup section */
		F1D444E51D134C82000239F7 /* Main.storyboard */ = {
			isa = PBXVariantGroup;
			children = (
				F1D444E61D134C82000239F7 /* Base */,
			);
			name = Main.storyboard;
			sourceTree = "<group>";
		};
		F1D444EA1D134C82000239F7 /* LaunchScreen.storyboard */ = {
			isa = PBXVariantGroup;
			children = (
				F1D444EB1D134C82000239F7 /* Base */,
			);
			name = LaunchScreen.storyboard;
			sourceTree = "<group>";
		};
/* End PBXVariantGroup section */

/* Begin XCBuildConfiguration section */
		F1D444EE1D134C82000239F7 /* Debug */ = {
			isa = XCBuildConfiguration;
			buildSettings = {
				ALWAYS_SEARCH_USER_PATHS = NO;
				CLANG_ANALYZER_NONNULL = YES;
				CLANG_CXX_LANGUAGE_STANDARD = "gnu++0x";
				CLANG_CXX_LIBRARY = "libc++";
				CLANG_ENABLE_MODULES = YES;
				CLANG_ENABLE_OBJC_ARC = YES;
				CLANG_WARN_BOOL_CONVERSION = YES;
				CLANG_WARN_CONSTANT_CONVERSION = YES;
				CLANG_WARN_DIRECT_OBJC_ISA_USAGE = YES_ERROR;
				CLANG_WARN_EMPTY_BODY = YES;
				CLANG_WARN_ENUM_CONVERSION = YES;
				CLANG_WARN_INT_CONVERSION = YES;
				CLANG_WARN_OBJC_ROOT_CLASS = YES_ERROR;
				CLANG_WARN_UNREACHABLE_CODE = YES;
				CLANG_WARN__DUPLICATE_METHOD_MATCH = YES;
				"CODE_SIGN_IDENTITY[sdk=iphoneos*]" = "iPhone Developer";
				COPY_PHASE_STRIP = NO;
				DEBUG_INFORMATION_FORMAT = dwarf;
				ENABLE_STRICT_OBJC_MSGSEND = YES;
				ENABLE_TESTABILITY = YES;
				GCC_C_LANGUAGE_STANDARD = gnu99;
				GCC_DYNAMIC_NO_PIC = NO;
				GCC_NO_COMMON_BLOCKS = YES;
				GCC_OPTIMIZATION_LEVEL = 0;
				GCC_PREPROCESSOR_DEFINITIONS = (
					"DEBUG=1",
					"$(inherited)",
				);
				GCC_WARN_64_TO_32_BIT_CONVERSION = YES;
				GCC_WARN_ABOUT_RETURN_TYPE = YES_ERROR;
				GCC_WARN_UNDECLARED_SELECTOR = YES;
				GCC_WARN_UNINITIALIZED_AUTOS = YES_AGGRESSIVE;
				GCC_WARN_UNUSED_FUNCTION = YES;
				GCC_WARN_UNUSED_VARIABLE = YES;
				IPHONEOS_DEPLOYMENT_TARGET = 9.3;
				MTL_ENABLE_DEBUG_INFO = YES;
				ONLY_ACTIVE_ARCH = YES;
				SDKROOT = iphoneos;
			};
			name = Debug;
		};
		F1D444EF1D134C82000239F7 /* Release */ = {
			isa = XCBuildConfiguration;
			buildSettings = {
				ALWAYS_SEARCH_USER_PATHS = NO;
				CLANG_ANALYZER_NONNULL = YES;
				CLANG_CXX_LANGUAGE_STANDARD = "gnu++0x";
				CLANG_CXX_LIBRARY = "libc++";
				CLANG_ENABLE_MODULES = YES;
				CLANG_ENABLE_OBJC_ARC = YES;
				CLANG_WARN_BOOL_CONVERSION = YES;
				CLANG_WARN_CONSTANT_CONVERSION = YES;
				CLANG_WARN_DIRECT_OBJC_ISA_USAGE = YES_ERROR;
				CLANG_WARN_EMPTY_BODY = YES;
				CLANG_WARN_ENUM_CONVERSION = YES;
				CLANG_WARN_INT_CONVERSION = YES;
				CLANG_WARN_OBJC_ROOT_CLASS = YES_ERROR;
				CLANG_WARN_UNREACHABLE_CODE = YES;
				CLANG_WARN__DUPLICATE_METHOD_MATCH = YES;
				"CODE_SIGN_IDENTITY[sdk=iphoneos*]" = "iPhone Developer";
				COPY_PHASE_STRIP = NO;
				DEBUG_INFORMATION_FORMAT = "dwarf-with-dsym";
				ENABLE_NS_ASSERTIONS = NO;
				ENABLE_STRICT_OBJC_MSGSEND = YES;
				GCC_C_LANGUAGE_STANDARD = gnu99;
				GCC_NO_COMMON_BLOCKS = YES;
				GCC_WARN_64_TO_32_BIT_CONVERSION = YES;
				GCC_WARN_ABOUT_RETURN_TYPE = YES_ERROR;
				GCC_WARN_UNDECLARED_SELECTOR = YES;
				GCC_WARN_UNINITIALIZED_AUTOS = YES_AGGRESSIVE;
				GCC_WARN_UNUSED_FUNCTION = YES;
				GCC_WARN_UNUSED_VARIABLE = YES;
				IPHONEOS_DEPLOYMENT_TARGET = 9.3;
				MTL_ENABLE_DEBUG_INFO = NO;
				SDKROOT = iphoneos;
				VALIDATE_PRODUCT = YES;
			};
			name = Release;
		};
		F1D444F11D134C82000239F7 /* Debug */ = {
			isa = XCBuildConfiguration;
			buildSettings = {
				ASSETCATALOG_COMPILER_APPICON_NAME = AppIcon;
				INFOPLIST_FILE = WhereIsMyStuffApp/Info.plist;
				LD_RUNPATH_SEARCH_PATHS = "$(inherited) @executable_path/Frameworks";
				PRODUCT_BUNDLE_IDENTIFIER = com.aashima.WhereIsMyStuffApp;
				PRODUCT_NAME = "$(TARGET_NAME)";
			};
			name = Debug;
		};
		F1D444F21D134C82000239F7 /* Release */ = {
			isa = XCBuildConfiguration;
			buildSettings = {
				ASSETCATALOG_COMPILER_APPICON_NAME = AppIcon;
				INFOPLIST_FILE = WhereIsMyStuffApp/Info.plist;
				LD_RUNPATH_SEARCH_PATHS = "$(inherited) @executable_path/Frameworks";
				PRODUCT_BUNDLE_IDENTIFIER = com.aashima.WhereIsMyStuffApp;
				PRODUCT_NAME = "$(TARGET_NAME)";
			};
			name = Release;
		};
/* End XCBuildConfiguration section */

/* Begin XCConfigurationList section */
		F1D444D41D134C81000239F7 /* Build configuration list for PBXProject "WhereIsMyStuffApp" */ = {
			isa = XCConfigurationList;
			buildConfigurations = (
				F1D444EE1D134C82000239F7 /* Debug */,
				F1D444EF1D134C82000239F7 /* Release */,
			);
			defaultConfigurationIsVisible = 0;
			defaultConfigurationName = Release;
		};
		F1D444F01D134C82000239F7 /* Build configuration list for PBXNativeTarget "WhereIsMyStuffApp" */ = {
			isa = XCConfigurationList;
			buildConfigurations = (
				F1D444F11D134C82000239F7 /* Debug */,
				F1D444F21D134C82000239F7 /* Release */,
			);
			defaultConfigurationIsVisible = 0;
		};
/* End XCConfigurationList section */
	};
	rootObject = F1D444D11D134C81000239F7 /* Project object */;
}
